
Microsoft Visual Studio Solution File, Format Version 12.00
# Visual Studio Version 16
VisualStudioVersion = 16.0.33130.400
MinimumVisualStudioVersion = 10.0.40219.1
Project("{FAE04EC0-301F-11D3-BF4B-00C04F79EFBC}") = "MvcTicariOtomasyon", "MvcTicariOtomasyon\MvcTicariOtomasyon.csproj", "{6077E8C8-FD24-407A-B378-A766838AD783}"
EndProject
Global
	GlobalSection(SolutionConfigurationPlatforms) = preSolution
		Debug|Any CPU = Debug|Any CPU
		Release|Any CPU = Release|Any CPU
	EndGlobalSection
	GlobalSection(ProjectConfigurationPlatforms) = postSolution
		{6077E8C8-FD24-407A-B378-A766838AD783}.Debug|Any CPU.ActiveCfg = Debug|Any CPU
		{6077E8C8-FD24-407A-B378-A766838AD783}.Debug|Any CPU.Build.0 = Debug|Any CPU
		{6077E8C8-FD24-407A-B378-A766838AD783}.Release|Any CPU.ActiveCfg = Release|Any CPU
		{6077E8C8-FD24-407A-B378-A766838AD783}.Release|Any CPU.Build.0 = Release|Any CPU
	EndGlobalSection
	GlobalSection(SolutionProperties) = preSolution
		HideSolutionNode = FALSE
	EndGlobalSection
	GlobalSection(ExtensibilityGlobals) = postSolution
		SolutionGuid = {CEDAB555-503C-4D75-84B6-BEBA3366919B}
	EndGlobalSection
EndGlobal
